
Microsoft Visual Studio Solution File, Format Version 12.00
# Visual Studio Version 17
VisualStudioVersion = 17.4.33205.214
MinimumVisualStudioVersion = 10.0.40219.1
Project("{FAE04EC0-301F-11D3-BF4B-00C04F79EFBC}") = "ELAB-React-form", "ELAB-React-form\ELAB-React-form.csproj", "{59F69DB9-0B89-4E08-AA8B-4A6F7CC2C12E}"
EndProject
Global
	GlobalSection(SolutionConfigurationPlatforms) = preSolution
		Debug|Any CPU = Debug|Any CPU
		Release|Any CPU = Release|Any CPU
	EndGlobalSection
	GlobalSection(ProjectConfigurationPlatforms) = postSolution
		{59F69DB9-0B89-4E08-AA8B-4A6F7CC2C12E}.Debug|Any CPU.ActiveCfg = Debug|Any CPU
		{59F69DB9-0B89-4E08-AA8B-4A6F7CC2C12E}.Debug|Any CPU.Build.0 = Debug|Any CPU
		{59F69DB9-0B89-4E08-AA8B-4A6F7CC2C12E}.Release|Any CPU.ActiveCfg = Release|Any CPU
		{59F69DB9-0B89-4E08-AA8B-4A6F7CC2C12E}.Release|Any CPU.Build.0 = Release|Any CPU
	EndGlobalSection
	GlobalSection(SolutionProperties) = preSolution
		HideSolutionNode = FALSE
	EndGlobalSection
	GlobalSection(ExtensibilityGlobals) = postSolution
		SolutionGuid = {F51902E4-BE13-407D-9884-D2E62FA2916B}
	EndGlobalSection
EndGlobal
